
Microsoft Visual Studio Solution File, Format Version 12.00
# Visual Studio Version 16
VisualStudioVersion = 16.0.31112.23
MinimumVisualStudioVersion = 10.0.40219.1
Project("{FAE04EC0-301F-11D3-BF4B-00C04F79EFBC}") = "ExoAuthEtRoleSolution", "ExoAuthEtRoleSolution\ExoAuthEtRoleSolution.csproj", "{A25DF0D5-E42B-4438-B794-900BCDE0FDE1}"
EndProject
Global
	GlobalSection(SolutionConfigurationPlatforms) = preSolution
		Debug|Any CPU = Debug|Any CPU
		Release|Any CPU = Release|Any CPU
	EndGlobalSection
	GlobalSection(ProjectConfigurationPlatforms) = postSolution
		{A25DF0D5-E42B-4438-B794-900BCDE0FDE1}.Debug|Any CPU.ActiveCfg = Debug|Any CPU
		{A25DF0D5-E42B-4438-B794-900BCDE0FDE1}.Debug|Any CPU.Build.0 = Debug|Any CPU
		{A25DF0D5-E42B-4438-B794-900BCDE0FDE1}.Release|Any CPU.ActiveCfg = Release|Any CPU
		{A25DF0D5-E42B-4438-B794-900BCDE0FDE1}.Release|Any CPU.Build.0 = Release|Any CPU
	EndGlobalSection
	GlobalSection(SolutionProperties) = preSolution
		HideSolutionNode = FALSE
	EndGlobalSection
	GlobalSection(ExtensibilityGlobals) = postSolution
		SolutionGuid = {27847898-A47D-4A32-9378-227CA8427710}
	EndGlobalSection
EndGlobal
